// !$*UTF8*$!
{
	archiveVersion = 1;
	classes = {
	};
	objectVersion = 46;
	objects = {

/* Begin PBXBuildFile section */
		D82D4CBA19C4004600767B7F /* AppDelegate.swift in Sources */ = {isa = PBXBuildFile; fileRef = D82D4CB919C4004600767B7F /* AppDelegate.swift */; };
		D82D4CBC19C4004600767B7F /* ViewController.swift in Sources */ = {isa = PBXBuildFile; fileRef = D82D4CBB19C4004600767B7F /* ViewController.swift */; };
		D82D4CBF19C4004600767B7F /* Main.storyboard in Resources */ = {isa = PBXBuildFile; fileRef = D82D4CBD19C4004600767B7F /* Main.storyboard */; };
		D82D4CC119C4004600767B7F /* Images.xcassets in Resources */ = {isa = PBXBuildFile; fileRef = D82D4CC019C4004600767B7F /* Images.xcassets */; };
		D82D4CC419C4004600767B7F /* LaunchScreen.xib in Resources */ = {isa = PBXBuildFile; fileRef = D82D4CC219C4004600767B7F /* LaunchScreen.xib */; };
		D82D4CD019C4004600767B7F /* MemoryClickTests.swift in Sources */ = {isa = PBXBuildFile; fileRef = D82D4CCF19C4004600767B7F /* MemoryClickTests.swift */; };
/* End PBXBuildFile section */

/* Begin PBXContainerItemProxy section */
		D82D4CCA19C4004600767B7F /* PBXContainerItemProxy */ = {
			isa = PBXContainerItemProxy;
			containerPortal = D82D4CAC19C4004600767B7F /* Project object */;
			proxyType = 1;
			remoteGlobalIDString = D82D4CB319C4004600767B7F;
			remoteInfo = MemoryClick;
		};
/* End PBXContainerItemProxy section */

/* Begin PBXFileReference section */
		D82D4CB419C4004600767B7F /* MemoryClick.app */ = {isa = PBXFileReference; explicitFileType = wrapper.application; includeInIndex = 0; path = MemoryClick.app; sourceTree = BUILT_PRODUCTS_DIR; };
		D82D4CB819C4004600767B7F /* Info.plist */ = {isa = PBXFileReference; lastKnownFileType = text.plist.xml; path = Info.plist; sourceTree = "<group>"; };
		D82D4CB919C4004600767B7F /* AppDelegate.swift */ = {isa = PBXFileReference; lastKnownFileType = sourcecode.swift; path = AppDelegate.swift; sourceTree = "<group>"; };
		D82D4CBB19C4004600767B7F /* ViewController.swift */ = {isa = PBXFileReference; lastKnownFileType = sourcecode.swift; path = ViewController.swift; sourceTree = "<group>"; };
		D82D4CBE19C4004600767B7F /* Base */ = {isa = PBXFileReference; lastKnownFileType = file.storyboard; name = Base; path = Base.lproj/Main.storyboard; sourceTree = "<group>"; };
		D82D4CC019C4004600767B7F /* Images.xcassets */ = {isa = PBXFileReference; lastKnownFileType = folder.assetcatalog; path = Images.xcassets; sourceTree = "<group>"; };
		D82D4CC319C4004600767B7F /* Base */ = {isa = PBXFileReference; lastKnownFileType = file.xib; name = Base; path = Base.lproj/LaunchScreen.xib; sourceTree = "<group>"; };
		D82D4CC919C4004600767B7F /* MemoryClickTests.xctest */ = {isa = PBXFileReference; explicitFileType = wrapper.cfbundle; includeInIndex = 0; path = MemoryClickTests.xctest; sourceTree = BUILT_PRODUCTS_DIR; };
		D82D4CCE19C4004600767B7F /* Info.plist */ = {isa = PBXFileReference; lastKnownFileType = text.plist.xml; path = Info.plist; sourceTree = "<group>"; };
		D82D4CCF19C4004600767B7F /* MemoryClickTests.swift */ = {isa = PBXFileReference; lastKnownFileType = sourcecode.swift; path = MemoryClickTests.swift; sourceTree = "<group>"; };
/* End PBXFileReference section */

/* Begin PBXFrameworksBuildPhase section */
		D82D4CB119C4004600767B7F /* Frameworks */ = {
			isa = PBXFrameworksBuildPhase;
			buildActionMask = 2147483647;
			files = (
			);
			runOnlyForDeploymentPostprocessing = 0;
		};
		D82D4CC619C4004600767B7F /* Frameworks */ = {
			isa = PBXFrameworksBuildPhase;
			buildActionMask = 2147483647;
			files = (
			);
			runOnlyForDeploymentPostprocessing = 0;
		};
/* End PBXFrameworksBuildPhase section */

/* Begin PBXGroup section */
		D82D4CAB19C4004600767B7F = {
			isa = PBXGroup;
			children = (
				D82D4CB619C4004600767B7F /* MemoryClick */,
				D82D4CCC19C4004600767B7F /* MemoryClickTests */,
				D82D4CB519C4004600767B7F /* Products */,
			);
			sourceTree = "<group>";
		};
		D82D4CB519C4004600767B7F /* Products */ = {
			isa = PBXGroup;
			children = (
				D82D4CB419C4004600767B7F /* MemoryClick.app */,
				D82D4CC919C4004600767B7F /* MemoryClickTests.xctest */,
			);
			name = Products;
			sourceTree = "<group>";
		};
		D82D4CB619C4004600767B7F /* MemoryClick */ = {
			isa = PBXGroup;
			children = (
				D82D4CB919C4004600767B7F /* AppDelegate.swift */,
				D82D4CBB19C4004600767B7F /* ViewController.swift */,
				D82D4CBD19C4004600767B7F /* Main.storyboard */,
				D82D4CC019C4004600767B7F /* Images.xcassets */,
				D82D4CC219C4004600767B7F /* LaunchScreen.xib */,
				D82D4CB719C4004600767B7F /* Supporting Files */,
			);
			path = MemoryClick;
			sourceTree = "<group>";
		};
		D82D4CB719C4004600767B7F /* Supporting Files */ = {
			isa = PBXGroup;
			children = (
				D82D4CB819C4004600767B7F /* Info.plist */,
			);
			name = "Supporting Files";
			sourceTree = "<group>";
		};
		D82D4CCC19C4004600767B7F /* MemoryClickTests */ = {
			isa = PBXGroup;
			children = (
				D82D4CCF19C4004600767B7F /* MemoryClickTests.swift */,
				D82D4CCD19C4004600767B7F /* Supporting Files */,
			);
			path = MemoryClickTests;
			sourceTree = "<group>";
		};
		D82D4CCD19C4004600767B7F /* Supporting Files */ = {
			isa = PBXGroup;
			children = (
				D82D4CCE19C4004600767B7F /* Info.plist */,
			);
			name = "Supporting Files";
			sourceTree = "<group>";
		};
/* End PBXGroup section */

/* Begin PBXNativeTarget section */
		D82D4CB319C4004600767B7F /* MemoryClick */ = {
			isa = PBXNativeTarget;
			buildConfigurationList = D82D4CD319C4004600767B7F /* Build configuration list for PBXNativeTarget "MemoryClick" */;
			buildPhases = (
				D82D4CB019C4004600767B7F /* Sources */,
				D82D4CB119C4004600767B7F /* Frameworks */,
				D82D4CB219C4004600767B7F /* Resources */,
			);
			buildRules = (
			);
			dependencies = (
			);
			name = MemoryClick;
			productName = MemoryClick;
			productReference = D82D4CB419C4004600767B7F /* MemoryClick.app */;
			productType = "com.apple.product-type.application";
		};
		D82D4CC819C4004600767B7F /* MemoryClickTests */ = {
			isa = PBXNativeTarget;
			buildConfigurationList = D82D4CD619C4004600767B7F /* Build configuration list for PBXNativeTarget "MemoryClickTests" */;
			buildPhases = (
				D82D4CC519C4004600767B7F /* Sources */,
				D82D4CC619C4004600767B7F /* Frameworks */,
				D82D4CC719C4004600767B7F /* Resources */,
			);
			buildRules = (
			);
			dependencies = (
				D82D4CCB19C4004600767B7F /* PBXTargetDependency */,
			);
			name = MemoryClickTests;
			productName = MemoryClickTests;
			productReference = D82D4CC919C4004600767B7F /* MemoryClickTests.xctest */;
			productType = "com.apple.product-type.bundle.unit-test";
		};
/* End PBXNativeTarget section */

/* Begin PBXProject section */
		D82D4CAC19C4004600767B7F /* Project object */ = {
			isa = PBXProject;
			attributes = {
				LastUpgradeCheck = 0600;
				ORGANIZATIONNAME = 8210;
				TargetAttributes = {
					D82D4CB319C4004600767B7F = {
						CreatedOnToolsVersion = 6.0;
					};
					D82D4CC819C4004600767B7F = {
						CreatedOnToolsVersion = 6.0;
						TestTargetID = D82D4CB319C4004600767B7F;
					};
				};
			};
			buildConfigurationList = D82D4CAF19C4004600767B7F /* Build configuration list for PBXProject "MemoryClick" */;
			compatibilityVersion = "Xcode 3.2";
			developmentRegion = English;
			hasScannedForEncodings = 0;
			knownRegions = (
				en,
				Base,
			);
			mainGroup = D82D4CAB19C4004600767B7F;
			productRefGroup = D82D4CB519C4004600767B7F /* Products */;
			projectDirPath = "";
			projectRoot = "";
			targets = (
				D82D4CB319C4004600767B7F /* MemoryClick */,
				D82D4CC819C4004600767B7F /* MemoryClickTests */,
			);
		};
/* End PBXProject section */

/* Begin PBXResourcesBuildPhase section */
		D82D4CB219C4004600767B7F /* Resources */ = {
			isa = PBXResourcesBuildPhase;
			buildActionMask = 2147483647;
			files = (
				D82D4CBF19C4004600767B7F /* Main.storyboard in Resources */,
				D82D4CC419C4004600767B7F /* LaunchScreen.xib in Resources */,
				D82D4CC119C4004600767B7F /* Images.xcassets in Resources */,
			);
			runOnlyForDeploymentPostprocessing = 0;
		};
		D82D4CC719C4004600767B7F /* Resources */ = {
			isa = PBXResourcesBuildPhase;
			buildActionMask = 2147483647;
			files = (
			);
			runOnlyForDeploymentPostprocessing = 0;
		};
/* End PBXResourcesBuildPhase section */

/* Begin PBXSourcesBuildPhase section */
		D82D4CB019C4004600767B7F /* Sources */ = {
			isa = PBXSourcesBuildPhase;
			buildActionMask = 2147483647;
			files = (
				D82D4CBC19C4004600767B7F /* ViewController.swift in Sources */,
				D82D4CBA19C4004600767B7F /* AppDelegate.swift in Sources */,
			);
			runOnlyForDeploymentPostprocessing = 0;
		};
		D82D4CC519C4004600767B7F /* Sources */ = {
			isa = PBXSourcesBuildPhase;
			buildActionMask = 2147483647;
			files = (
				D82D4CD019C4004600767B7F /* MemoryClickTests.swift in Sources */,
			);
			runOnlyForDeploymentPostprocessing = 0;
		};
/* End PBXSourcesBuildPhase section */

/* Begin PBXTargetDependency section */
		D82D4CCB19C4004600767B7F /* PBXTargetDependency */ = {
			isa = PBXTargetDependency;
			target = D82D4CB319C4004600767B7F /* MemoryClick */;
			targetProxy = D82D4CCA19C4004600767B7F /* PBXContainerItemProxy */;
		};
/* End PBXTargetDependency section */

/* Begin PBXVariantGroup section */
		D82D4CBD19C4004600767B7F /* Main.storyboard */ = {
			isa = PBXVariantGroup;
			children = (
				D82D4CBE19C4004600767B7F /* Base */,
			);
			name = Main.storyboard;
			sourceTree = "<group>";
		};
		D82D4CC219C4004600767B7F /* LaunchScreen.xib */ = {
			isa = PBXVariantGroup;
			children = (
				D82D4CC319C4004600767B7F /* Base */,
			);
			name = LaunchScreen.xib;
			sourceTree = "<group>";
		};
/* End PBXVariantGroup section */

/* Begin XCBuildConfiguration section */
		D82D4CD119C4004600767B7F /* Debug */ = {
			isa = XCBuildConfiguration;
			buildSettings = {
				ALWAYS_SEARCH_USER_PATHS = NO;
				CLANG_CXX_LANGUAGE_STANDARD = "gnu++0x";
				CLANG_CXX_LIBRARY = "libc++";
				CLANG_ENABLE_MODULES = YES;
				CLANG_ENABLE_OBJC_ARC = YES;
				CLANG_WARN_BOOL_CONVERSION = YES;
				CLANG_WARN_CONSTANT_CONVERSION = YES;
				CLANG_WARN_DIRECT_OBJC_ISA_USAGE = YES_ERROR;
				CLANG_WARN_EMPTY_BODY = YES;
				CLANG_WARN_ENUM_CONVERSION = YES;
				CLANG_WARN_INT_CONVERSION = YES;
				CLANG_WARN_OBJC_ROOT_CLASS = YES_ERROR;
				CLANG_WARN_UNREACHABLE_CODE = YES;
				CLANG_WARN__DUPLICATE_METHOD_MATCH = YES;
				"CODE_SIGN_IDENTITY[sdk=iphoneos*]" = "iPhone Developer";
				COPY_PHASE_STRIP = NO;
				ENABLE_STRICT_OBJC_MSGSEND = YES;
				GCC_C_LANGUAGE_STANDARD = gnu99;
				GCC_DYNAMIC_NO_PIC = NO;
				GCC_OPTIMIZATION_LEVEL = 0;
				GCC_PREPROCESSOR_DEFINITIONS = (
					"DEBUG=1",
					"$(inherited)",
				);
				GCC_SYMBOLS_PRIVATE_EXTERN = NO;
				GCC_WARN_64_TO_32_BIT_CONVERSION = YES;
				GCC_WARN_ABOUT_RETURN_TYPE = YES_ERROR;
				GCC_WARN_UNDECLARED_SELECTOR = YES;
				GCC_WARN_UNINITIALIZED_AUTOS = YES_AGGRESSIVE;
				GCC_WARN_UNUSED_FUNCTION = YES;
				GCC_WARN_UNUSED_VARIABLE = YES;
				IPHONEOS_DEPLOYMENT_TARGET = 8.0;
				MTL_ENABLE_DEBUG_INFO = YES;
				ONLY_ACTIVE_ARCH = YES;
				SDKROOT = iphoneos;
				SWIFT_OPTIMIZATION_LEVEL = "-Onone";
				TARGETED_DEVICE_FAMILY = "1,2";
			};
			name = Debug;
		};
		D82D4CD219C4004600767B7F /* Release */ = {
			isa = XCBuildConfiguration;
			buildSettings = {
				ALWAYS_SEARCH_USER_PATHS = NO;
				CLANG_CXX_LANGUAGE_STANDARD = "gnu++0x";
				CLANG_CXX_LIBRARY = "libc++";
				CLANG_ENABLE_MODULES = YES;
				CLANG_ENABLE_OBJC_ARC = YES;
				CLANG_WARN_BOOL_CONVERSION = YES;
				CLANG_WARN_CONSTANT_CONVERSION = YES;
				CLANG_WARN_DIRECT_OBJC_ISA_USAGE = YES_ERROR;
				CLANG_WARN_EMPTY_BODY = YES;
				CLANG_WARN_ENUM_CONVERSION = YES;
				CLANG_WARN_INT_CONVERSION = YES;
				CLANG_WARN_OBJC_ROOT_CLASS = YES_ERROR;
				CLANG_WARN_UNREACHABLE_CODE = YES;
				CLANG_WARN__DUPLICATE_METHOD_MATCH = YES;
				"CODE_SIGN_IDENTITY[sdk=iphoneos*]" = "iPhone Developer";
				COPY_PHASE_STRIP = YES;
				ENABLE_NS_ASSERTIONS = NO;
				ENABLE_STRICT_OBJC_MSGSEND = YES;
				GCC_C_LANGUAGE_STANDARD = gnu99;
				GCC_WARN_64_TO_32_BIT_CONVERSION = YES;
				GCC_WARN_ABOUT_RETURN_TYPE = YES_ERROR;
				GCC_WARN_UNDECLARED_SELECTOR = YES;
				GCC_WARN_UNINITIALIZED_AUTOS = YES_AGGRESSIVE;
				GCC_WARN_UNUSED_FUNCTION = YES;
				GCC_WARN_UNUSED_VARIABLE = YES;
				IPHONEOS_DEPLOYMENT_TARGET = 8.0;
				MTL_ENABLE_DEBUG_INFO = NO;
				SDKROOT = iphoneos;
				TARGETED_DEVICE_FAMILY = "1,2";
				VALIDATE_PRODUCT = YES;
			};
			name = Release;
		};
		D82D4CD419C4004600767B7F /* Debug */ = {
			isa = XCBuildConfiguration;
			buildSettings = {
				ASSETCATALOG_COMPILER_APPICON_NAME = AppIcon;
				INFOPLIST_FILE = MemoryClick/Info.plist;
				LD_RUNPATH_SEARCH_PATHS = "$(inherited) @executable_path/Frameworks";
				PRODUCT_NAME = "$(TARGET_NAME)";
			};
			name = Debug;
		};
		D82D4CD519C4004600767B7F /* Release */ = {
			isa = XCBuildConfiguration;
			buildSettings = {
				ASSETCATALOG_COMPILER_APPICON_NAME = AppIcon;
				INFOPLIST_FILE = MemoryClick/Info.plist;
				LD_RUNPATH_SEARCH_PATHS = "$(inherited) @executable_path/Frameworks";
				PRODUCT_NAME = "$(TARGET_NAME)";
			};
			name = Release;
		};
		D82D4CD719C4004600767B7F /* Debug */ = {
			isa = XCBuildConfiguration;
			buildSettings = {
				BUNDLE_LOADER = "$(TEST_HOST)";
				FRAMEWORK_SEARCH_PATHS = (
					"$(SDKROOT)/Developer/Library/Frameworks",
					"$(inherited)",
				);
				GCC_PREPROCESSOR_DEFINITIONS = (
					"DEBUG=1",
					"$(inherited)",
				);
				INFOPLIST_FILE = MemoryClickTests/Info.plist;
				LD_RUNPATH_SEARCH_PATHS = "$(inherited) @executable_path/Frameworks @loader_path/Frameworks";
				PRODUCT_NAME = "$(TARGET_NAME)";
				TEST_HOST = "$(BUILT_PRODUCTS_DIR)/MemoryClick.app/MemoryClick";
			};
			name = Debug;
		};
		D82D4CD819C4004600767B7F /* Release */ = {
			isa = XCBuildConfiguration;
			buildSettings = {
				BUNDLE_LOADER = "$(TEST_HOST)";
				FRAMEWORK_SEARCH_PATHS = (
					"$(SDKROOT)/Developer/Library/Frameworks",
					"$(inherited)",
				);
				INFOPLIST_FILE = MemoryClickTests/Info.plist;
				LD_RUNPATH_SEARCH_PATHS = "$(inherited) @executable_path/Frameworks @loader_path/Frameworks";
				PRODUCT_NAME = "$(TARGET_NAME)";
				TEST_HOST = "$(BUILT_PRODUCTS_DIR)/MemoryClick.app/MemoryClick";
			};
			name = Release;
		};
/* End XCBuildConfiguration section */

/* Begin XCConfigurationList section */
		D82D4CAF19C4004600767B7F /* Build configuration list for PBXProject "MemoryClick" */ = {
			isa = XCConfigurationList;
			buildConfigurations = (
				D82D4CD119C4004600767B7F /* Debug */,
				D82D4CD219C4004600767B7F /* Release */,
			);
			defaultConfigurationIsVisible = 0;
			defaultConfigurationName = Release;
		};
		D82D4CD319C4004600767B7F /* Build configuration list for PBXNativeTarget "MemoryClick" */ = {
			isa = XCConfigurationList;
			buildConfigurations = (
				D82D4CD419C4004600767B7F /* Debug */,
				D82D4CD519C4004600767B7F /* Release */,
			);
			defaultConfigurationIsVisible = 0;
		};
		D82D4CD619C4004600767B7F /* Build configuration list for PBXNativeTarget "MemoryClickTests" */ = {
			isa = XCConfigurationList;
			buildConfigurations = (
				D82D4CD719C4004600767B7F /* Debug */,
				D82D4CD819C4004600767B7F /* Release */,
			);
			defaultConfigurationIsVisible = 0;
		};
/* End XCConfigurationList section */
	};
	rootObject = D82D4CAC19C4004600767B7F /* Project object */;
}
